Microsoft Visual Studio Solution File, Format Version 12.00
# Visual Studio 15
VisualStudioVersion = 15.0.26124.0
MinimumVisualStudioVersion = 15.0.26124.0
Project("{FAE04EC0-301F-11D3-BF4B-00C04F79EFBC}") = "jackz-builder.Client", "Client\jackz-builder.Client.csproj", "{921FFDD5-D59B-4501-A636-C1C002C667BB}"
EndProject
Project("{FAE04EC0-301F-11D3-BF4B-00C04F79EFBC}") = "jackz-builder.Server", "Server\jackz-builder.Server.csproj", "{C07A14B6-90AB-49A1-95B4-24F3C56FFD1A}"
EndProject
Global
	GlobalSection(SolutionConfigurationPlatforms) = preSolution
		Debug|Any CPU = Debug|Any CPU
		Release|Any CPU = Release|Any CPU
	EndGlobalSection
	GlobalSection(SolutionProperties) = preSolution
		HideSolutionNode = FALSE
	EndGlobalSection
	GlobalSection(ProjectConfigurationPlatforms) = postSolution
		{921FFDD5-D59B-4501-A636-C1C002C667BB}.Debug|Any CPU.ActiveCfg = Debug|Any CPU
		{921FFDD5-D59B-4501-A636-C1C002C667BB}.Debug|Any CPU.Build.0 = Debug|Any CPU
		{921FFDD5-D59B-4501-A636-C1C002C667BB}.Release|Any CPU.ActiveCfg = Release|Any CPU
		{921FFDD5-D59B-4501-A636-C1C002C667BB}.Release|Any CPU.Build.0 = Release|Any CPU
		{C07A14B6-90AB-49A1-95B4-24F3C56FFD1A}.Debug|Any CPU.ActiveCfg = Debug|Any CPU
		{C07A14B6-90AB-49A1-95B4-24F3C56FFD1A}.Debug|Any CPU.Build.0 = Debug|Any CPU
		{C07A14B6-90AB-49A1-95B4-24F3C56FFD1A}.Release|Any CPU.ActiveCfg = Release|Any CPU
		{C07A14B6-90AB-49A1-95B4-24F3C56FFD1A}.Release|Any CPU.Build.0 = Release|Any CPU
	EndGlobalSection
EndGlobal
