Microsoft Visual Studio Solution File, Format Version 12.00
# Visual Studio 15
VisualStudioVersion = 15.0.26124.0
MinimumVisualStudioVersion = 15.0.26124.0
Project("{FAE04EC0-301F-11D3-BF4B-00C04F79EFBC}") = "test-project.Client", "Client\test-project.Client.csproj", "{5B3FA1C8-4373-4E27-B9A6-471CC2CC5B2B}"
EndProject
Project("{FAE04EC0-301F-11D3-BF4B-00C04F79EFBC}") = "test-project.Server", "Server\test-project.Server.csproj", "{A02BE0F4-930C-4D3B-9E29-042D0F5B313B}"
EndProject
Global
	GlobalSection(SolutionConfigurationPlatforms) = preSolution
		Debug|Any CPU = Debug|Any CPU
		Release|Any CPU = Release|Any CPU
	EndGlobalSection
	GlobalSection(SolutionProperties) = preSolution
		HideSolutionNode = FALSE
	EndGlobalSection
	GlobalSection(ProjectConfigurationPlatforms) = postSolution
		{5B3FA1C8-4373-4E27-B9A6-471CC2CC5B2B}.Debug|Any CPU.ActiveCfg = Debug|Any CPU
		{5B3FA1C8-4373-4E27-B9A6-471CC2CC5B2B}.Debug|Any CPU.Build.0 = Debug|Any CPU
		{5B3FA1C8-4373-4E27-B9A6-471CC2CC5B2B}.Release|Any CPU.ActiveCfg = Release|Any CPU
		{5B3FA1C8-4373-4E27-B9A6-471CC2CC5B2B}.Release|Any CPU.Build.0 = Release|Any CPU
		{A02BE0F4-930C-4D3B-9E29-042D0F5B313B}.Debug|Any CPU.ActiveCfg = Debug|Any CPU
		{A02BE0F4-930C-4D3B-9E29-042D0F5B313B}.Debug|Any CPU.Build.0 = Debug|Any CPU
		{A02BE0F4-930C-4D3B-9E29-042D0F5B313B}.Release|Any CPU.ActiveCfg = Release|Any CPU
		{A02BE0F4-930C-4D3B-9E29-042D0F5B313B}.Release|Any CPU.Build.0 = Release|Any CPU
	EndGlobalSection
EndGlobal
